<Solution>
  <Folder Name="/src/">
    <Project Path="src/CamaraWin.Core/CamaraWin.Core.csproj" />
    <Project Path="src/CamaraWin.Media/CamaraWin.Media.csproj" />
  </Folder>
  <Folder Name="/tests/">
    <Project Path="tests/CamaraWin.Core.Tests/CamaraWin.Core.Tests.csproj" />
    <Project Path="tests/CamaraWin.Media.Tests/CamaraWin.Media.Tests.csproj" />
  </Folder>
</Solution>
